<?xml version="1.0" encoding="utf-8"?>
<Project ToolsVersion="4.0" xmlns="http://schemas.microsoft.com/developer/msbuild/2003">
  <ItemGroup>
    <Filter Include="Source Files">
      <UniqueIdentifier>{4FC737F1-C7A5-4376-A066-2A32D752A2FF}</UniqueIdentifier>
<<<<<<< Updated upstream:Fortune-Voronoi-diagram/NVoronoi.vcxproj.filters
      <Extensions>cpp;c;cc;cxx;def;odl;idl;hpj;bat;asm;asmx</Extensions>
=======
      <Extensions>cpp;c;cc;cxx;c++;def;odl;idl;hpj;bat;asm;asmx</Extensions>
>>>>>>> Stashed changes:Snake/SnakeLab4.vcxproj.filters
    </Filter>
    <Filter Include="Header Files">
      <UniqueIdentifier>{93995380-89BD-4b04-88EB-625FBE52EBFB}</UniqueIdentifier>
      <Extensions>h;hpp;hxx;hm;inl;inc;xsd</Extensions>
    </Filter>
    <Filter Include="Resource Files">
      <UniqueIdentifier>{67DA6AB6-F800-4c08-8B7A-83BB121AAD01}</UniqueIdentifier>
      <Extensions>rc;ico;cur;bmp;dlg;rc2;rct;bin;rgs;gif;jpg;jpeg;jpe;resx;tiff;tif;png;wav;mfcribbon-ms</Extensions>
    </Filter>
  </ItemGroup>
  <ItemGroup>
<<<<<<< Updated upstream:Fortune-Voronoi-diagram/NVoronoi.vcxproj.filters
    <ClCompile Include="main.cpp">
      <Filter>Source Files</Filter>
    </ClCompile>
    <ClCompile Include="VPoint.h">
      <Filter>Header Files</Filter>
    </ClCompile>
    <ClCompile Include="Voronoi.cpp">
      <Filter>Resource Files</Filter>
    </ClCompile>
    <ClCompile Include="VParabola.cpp">
=======
    <ClCompile Include="glad.c">
      <Filter>Source Files</Filter>
    </ClCompile>
    <ClCompile Include="opengl.cpp">
      <Filter>Source Files</Filter>
    </ClCompile>
    <ClCompile Include="SnakeGame.cpp">
      <Filter>Source Files</Filter>
    </ClCompile>
    <ClCompile Include="block.cpp">
      <Filter>Source Files</Filter>
    </ClCompile>
    <ClCompile Include="snake.cpp">
>>>>>>> Stashed changes:Snake/SnakeLab4.vcxproj.filters
      <Filter>Source Files</Filter>
    </ClCompile>
  </ItemGroup>
  <ItemGroup>
<<<<<<< Updated upstream:Fortune-Voronoi-diagram/NVoronoi.vcxproj.filters
    <ClInclude Include="Voronoi.h">
      <Filter>Header Files</Filter>
    </ClInclude>
    <ClInclude Include="VParabola.h">
      <Filter>Header Files</Filter>
    </ClInclude>
    <ClInclude Include="VEvent.h">
      <Filter>Header Files</Filter>
    </ClInclude>
  </ItemGroup>
  <ItemGroup>
    <None Include="VEdge.h">
      <Filter>Header Files</Filter>
    </None>
=======
    <ClInclude Include="opengl.h">
      <Filter>Header Files</Filter>
    </ClInclude>
    <ClInclude Include="snakedefs.h">
      <Filter>Header Files</Filter>
    </ClInclude>
    <ClInclude Include="block.h">
      <Filter>Header Files</Filter>
    </ClInclude>
    <ClInclude Include="snake.h">
      <Filter>Header Files</Filter>
    </ClInclude>
>>>>>>> Stashed changes:Snake/SnakeLab4.vcxproj.filters
  </ItemGroup>
</Project>